
Microsoft Visual Studio Solution File, Format Version 12.00
# Visual Studio Version 16
VisualStudioVersion = 16.0.30406.217
MinimumVisualStudioVersion = 10.0.40219.1
Project("{FAE04EC0-301F-11D3-BF4B-00C04F79EFBC}") = "Phonebook", "Phonebook\Phonebook.csproj", "{21887AF0-29EC-4362-8D71-DFD7B4DBD519}"
EndProject
Project("{FAE04EC0-301F-11D3-BF4B-00C04F79EFBC}") = "Phonebook.Data", "Phonebook.Data\Phonebook.Data.csproj", "{0F69C29B-CFAA-4FBC-AAE5-47E7EEF5A437}"
EndProject
Project("{FAE04EC0-301F-11D3-BF4B-00C04F79EFBC}") = "Phonebook.Controls", "Phonebook.Controls\Phonebook.Controls.csproj", "{5391CBBA-566B-4B67-B96F-100058706177}"
EndProject
Project("{FAE04EC0-301F-11D3-BF4B-00C04F79EFBC}") = "Company", "Company\Company.csproj", "{2378AA77-3250-470D-A552-8F7018F4B6EC}"
EndProject
Project("{2150E333-8FDC-42A3-9474-1A3956D46DE8}") = "Homework5", "Homework5", "{5E645CB6-524D-42C2-AF1D-4856A9F479B1}"
EndProject
Project("{FAE04EC0-301F-11D3-BF4B-00C04F79EFBC}") = "Company.Data", "Company.Data\Company.Data.csproj", "{24ECE56E-ED14-40B9-834F-3D9C7A84C963}"
EndProject
Project("{FAE04EC0-301F-11D3-BF4B-00C04F79EFBC}") = "Company.Controls", "Company.Controls\Company.Controls.csproj", "{FA539BE7-4B0B-4785-A95E-B5392C145CCD}"
EndProject
Project("{FAE04EC0-301F-11D3-BF4B-00C04F79EFBC}") = "WPFApp1", "WPFApp1\WPFApp1.csproj", "{51111562-C160-429E-B67B-7AAE41C77337}"
EndProject
Project("{FAE04EC0-301F-11D3-BF4B-00C04F79EFBC}") = "WPFApp2", "WPFApp2\WPFApp2.csproj", "{85BE0975-93FB-44E4-8E9C-9257FADF92A0}"
EndProject
Project("{FAE04EC0-301F-11D3-BF4B-00C04F79EFBC}") = "WPFApp3", "WPFApp3\WPFApp3.csproj", "{4FB20D56-DF1A-42C0-9572-1E1D582F3152}"
EndProject
Project("{FAE04EC0-301F-11D3-BF4B-00C04F79EFBC}") = "WPFApp4", "WPFApp4\WPFApp4.csproj", "{AF62AFFB-9329-4F56-BCC8-367EDE518A4A}"
EndProject
Project("{FAE04EC0-301F-11D3-BF4B-00C04F79EFBC}") = "WPFApp5", "WPFApp5\WPFApp5.csproj", "{7E1C84BD-13EC-49BC-94EB-1BDFCF779365}"
EndProject
Project("{FAE04EC0-301F-11D3-BF4B-00C04F79EFBC}") = "WPFApp7", "WPFApp7\WPFApp7.csproj", "{71769A40-76D7-4EDB-B83F-E208D60B6F82}"
EndProject
Project("{FAE04EC0-301F-11D3-BF4B-00C04F79EFBC}") = "WPFApp6", "WPFApp6\WPFApp6.csproj", "{8EB3042E-147F-41D6-A672-A1399AF6FE26}"
EndProject
Project("{FAE04EC0-301F-11D3-BF4B-00C04F79EFBC}") = "WPFApp8", "WPFApp8\WPFApp8.csproj", "{49877D8B-EF9F-4CCD-83A9-35A0E7698526}"
EndProject
Project("{FAE04EC0-301F-11D3-BF4B-00C04F79EFBC}") = "WPFApp9", "WPFApp9\WPFApp9.csproj", "{DFE5ECEE-FF9D-4AA5-9FC1-79C2F536666E}"
EndProject
Project("{FAE04EC0-301F-11D3-BF4B-00C04F79EFBC}") = "WPFApp10", "WPFApp10\WPFApp10.csproj", "{F1A134A1-09FA-433A-A752-AF51AA895968}"
EndProject
Global
	GlobalSection(SolutionConfigurationPlatforms) = preSolution
		Debug|Any CPU = Debug|Any CPU
		Release|Any CPU = Release|Any CPU
	EndGlobalSection
	GlobalSection(ProjectConfigurationPlatforms) = postSolution
		{21887AF0-29EC-4362-8D71-DFD7B4DBD519}.Debug|Any CPU.ActiveCfg = Debug|Any CPU
		{21887AF0-29EC-4362-8D71-DFD7B4DBD519}.Debug|Any CPU.Build.0 = Debug|Any CPU
		{21887AF0-29EC-4362-8D71-DFD7B4DBD519}.Release|Any CPU.ActiveCfg = Release|Any CPU
		{21887AF0-29EC-4362-8D71-DFD7B4DBD519}.Release|Any CPU.Build.0 = Release|Any CPU
		{0F69C29B-CFAA-4FBC-AAE5-47E7EEF5A437}.Debug|Any CPU.ActiveCfg = Debug|Any CPU
		{0F69C29B-CFAA-4FBC-AAE5-47E7EEF5A437}.Debug|Any CPU.Build.0 = Debug|Any CPU
		{0F69C29B-CFAA-4FBC-AAE5-47E7EEF5A437}.Release|Any CPU.ActiveCfg = Release|Any CPU
		{0F69C29B-CFAA-4FBC-AAE5-47E7EEF5A437}.Release|Any CPU.Build.0 = Release|Any CPU
		{5391CBBA-566B-4B67-B96F-100058706177}.Debug|Any CPU.ActiveCfg = Debug|Any CPU
		{5391CBBA-566B-4B67-B96F-100058706177}.Debug|Any CPU.Build.0 = Debug|Any CPU
		{5391CBBA-566B-4B67-B96F-100058706177}.Release|Any CPU.ActiveCfg = Release|Any CPU
		{5391CBBA-566B-4B67-B96F-100058706177}.Release|Any CPU.Build.0 = Release|Any CPU
		{2378AA77-3250-470D-A552-8F7018F4B6EC}.Debug|Any CPU.ActiveCfg = Debug|Any CPU
		{2378AA77-3250-470D-A552-8F7018F4B6EC}.Debug|Any CPU.Build.0 = Debug|Any CPU
		{2378AA77-3250-470D-A552-8F7018F4B6EC}.Release|Any CPU.ActiveCfg = Release|Any CPU
		{2378AA77-3250-470D-A552-8F7018F4B6EC}.Release|Any CPU.Build.0 = Release|Any CPU
		{24ECE56E-ED14-40B9-834F-3D9C7A84C963}.Debug|Any CPU.ActiveCfg = Debug|Any CPU
		{24ECE56E-ED14-40B9-834F-3D9C7A84C963}.Debug|Any CPU.Build.0 = Debug|Any CPU
		{24ECE56E-ED14-40B9-834F-3D9C7A84C963}.Release|Any CPU.ActiveCfg = Release|Any CPU
		{24ECE56E-ED14-40B9-834F-3D9C7A84C963}.Release|Any CPU.Build.0 = Release|Any CPU
		{FA539BE7-4B0B-4785-A95E-B5392C145CCD}.Debug|Any CPU.ActiveCfg = Debug|Any CPU
		{FA539BE7-4B0B-4785-A95E-B5392C145CCD}.Debug|Any CPU.Build.0 = Debug|Any CPU
		{FA539BE7-4B0B-4785-A95E-B5392C145CCD}.Release|Any CPU.ActiveCfg = Release|Any CPU
		{FA539BE7-4B0B-4785-A95E-B5392C145CCD}.Release|Any CPU.Build.0 = Release|Any CPU
		{51111562-C160-429E-B67B-7AAE41C77337}.Debug|Any CPU.ActiveCfg = Debug|Any CPU
		{51111562-C160-429E-B67B-7AAE41C77337}.Debug|Any CPU.Build.0 = Debug|Any CPU
		{51111562-C160-429E-B67B-7AAE41C77337}.Release|Any CPU.ActiveCfg = Release|Any CPU
		{51111562-C160-429E-B67B-7AAE41C77337}.Release|Any CPU.Build.0 = Release|Any CPU
		{85BE0975-93FB-44E4-8E9C-9257FADF92A0}.Debug|Any CPU.ActiveCfg = Debug|Any CPU
		{85BE0975-93FB-44E4-8E9C-9257FADF92A0}.Debug|Any CPU.Build.0 = Debug|Any CPU
		{85BE0975-93FB-44E4-8E9C-9257FADF92A0}.Release|Any CPU.ActiveCfg = Release|Any CPU
		{85BE0975-93FB-44E4-8E9C-9257FADF92A0}.Release|Any CPU.Build.0 = Release|Any CPU
		{4FB20D56-DF1A-42C0-9572-1E1D582F3152}.Debug|Any CPU.ActiveCfg = Debug|Any CPU
		{4FB20D56-DF1A-42C0-9572-1E1D582F3152}.Debug|Any CPU.Build.0 = Debug|Any CPU
		{4FB20D56-DF1A-42C0-9572-1E1D582F3152}.Release|Any CPU.ActiveCfg = Release|Any CPU
		{4FB20D56-DF1A-42C0-9572-1E1D582F3152}.Release|Any CPU.Build.0 = Release|Any CPU
		{AF62AFFB-9329-4F56-BCC8-367EDE518A4A}.Debug|Any CPU.ActiveCfg = Debug|Any CPU
		{AF62AFFB-9329-4F56-BCC8-367EDE518A4A}.Debug|Any CPU.Build.0 = Debug|Any CPU
		{AF62AFFB-9329-4F56-BCC8-367EDE518A4A}.Release|Any CPU.ActiveCfg = Release|Any CPU
		{AF62AFFB-9329-4F56-BCC8-367EDE518A4A}.Release|Any CPU.Build.0 = Release|Any CPU
		{7E1C84BD-13EC-49BC-94EB-1BDFCF779365}.Debug|Any CPU.ActiveCfg = Debug|Any CPU
		{7E1C84BD-13EC-49BC-94EB-1BDFCF779365}.Debug|Any CPU.Build.0 = Debug|Any CPU
		{7E1C84BD-13EC-49BC-94EB-1BDFCF779365}.Release|Any CPU.ActiveCfg = Release|Any CPU
		{7E1C84BD-13EC-49BC-94EB-1BDFCF779365}.Release|Any CPU.Build.0 = Release|Any CPU
		{71769A40-76D7-4EDB-B83F-E208D60B6F82}.Debug|Any CPU.ActiveCfg = Debug|Any CPU
		{71769A40-76D7-4EDB-B83F-E208D60B6F82}.Debug|Any CPU.Build.0 = Debug|Any CPU
		{71769A40-76D7-4EDB-B83F-E208D60B6F82}.Release|Any CPU.ActiveCfg = Release|Any CPU
		{71769A40-76D7-4EDB-B83F-E208D60B6F82}.Release|Any CPU.Build.0 = Release|Any CPU
		{8EB3042E-147F-41D6-A672-A1399AF6FE26}.Debug|Any CPU.ActiveCfg = Debug|Any CPU
		{8EB3042E-147F-41D6-A672-A1399AF6FE26}.Debug|Any CPU.Build.0 = Debug|Any CPU
		{8EB3042E-147F-41D6-A672-A1399AF6FE26}.Release|Any CPU.ActiveCfg = Release|Any CPU
		{8EB3042E-147F-41D6-A672-A1399AF6FE26}.Release|Any CPU.Build.0 = Release|Any CPU
		{49877D8B-EF9F-4CCD-83A9-35A0E7698526}.Debug|Any CPU.ActiveCfg = Debug|Any CPU
		{49877D8B-EF9F-4CCD-83A9-35A0E7698526}.Debug|Any CPU.Build.0 = Debug|Any CPU
		{49877D8B-EF9F-4CCD-83A9-35A0E7698526}.Release|Any CPU.ActiveCfg = Release|Any CPU
		{49877D8B-EF9F-4CCD-83A9-35A0E7698526}.Release|Any CPU.Build.0 = Release|Any CPU
		{DFE5ECEE-FF9D-4AA5-9FC1-79C2F536666E}.Debug|Any CPU.ActiveCfg = Debug|Any CPU
		{DFE5ECEE-FF9D-4AA5-9FC1-79C2F536666E}.Debug|Any CPU.Build.0 = Debug|Any CPU
		{DFE5ECEE-FF9D-4AA5-9FC1-79C2F536666E}.Release|Any CPU.ActiveCfg = Release|Any CPU
		{DFE5ECEE-FF9D-4AA5-9FC1-79C2F536666E}.Release|Any CPU.Build.0 = Release|Any CPU
		{F1A134A1-09FA-433A-A752-AF51AA895968}.Debug|Any CPU.ActiveCfg = Debug|Any CPU
		{F1A134A1-09FA-433A-A752-AF51AA895968}.Debug|Any CPU.Build.0 = Debug|Any CPU
		{F1A134A1-09FA-433A-A752-AF51AA895968}.Release|Any CPU.ActiveCfg = Release|Any CPU
		{F1A134A1-09FA-433A-A752-AF51AA895968}.Release|Any CPU.Build.0 = Release|Any CPU
	EndGlobalSection
	GlobalSection(SolutionProperties) = preSolution
		HideSolutionNode = FALSE
	EndGlobalSection
	GlobalSection(NestedProjects) = preSolution
		{2378AA77-3250-470D-A552-8F7018F4B6EC} = {5E645CB6-524D-42C2-AF1D-4856A9F479B1}
		{24ECE56E-ED14-40B9-834F-3D9C7A84C963} = {5E645CB6-524D-42C2-AF1D-4856A9F479B1}
		{FA539BE7-4B0B-4785-A95E-B5392C145CCD} = {5E645CB6-524D-42C2-AF1D-4856A9F479B1}
	EndGlobalSection
	GlobalSection(ExtensibilityGlobals) = postSolution
		SolutionGuid = {1E758CFA-5676-4254-8A22-1055569BAACD}
	EndGlobalSection
EndGlobal
