
Microsoft Visual Studio Solution File, Format Version 12.00
# Visual Studio Version 16
VisualStudioVersion = 16.0.30406.217
MinimumVisualStudioVersion = 10.0.40219.1
Project("{FAE04EC0-301F-11D3-BF4B-00C04F79EFBC}") = "Asteroids", "Asteroids\Asteroids.csproj", "{86B79AAD-2A4F-4FD4-9753-38DADDD2F0E5}"
EndProject
Project("{FAE04EC0-301F-11D3-BF4B-00C04F79EFBC}") = "SApp02", "SApp02\SApp02.csproj", "{78BEB204-8F98-488F-AFD0-86360F4773D3}"
EndProject
Project("{FAE04EC0-301F-11D3-BF4B-00C04F79EFBC}") = "SApp03", "SApp03\SApp03.csproj", "{BE6D85C8-E28B-40E4-A0B6-9BC3BE5F3270}"
EndProject
Project("{FAE04EC0-301F-11D3-BF4B-00C04F79EFBC}") = "SApp04", "SApp04\SApp04.csproj", "{97D6CF62-5DDC-4A12-8C01-9CB585E91F1C}"
EndProject
Global
	GlobalSection(SolutionConfigurationPlatforms) = preSolution
		Debug|Any CPU = Debug|Any CPU
		Release|Any CPU = Release|Any CPU
	EndGlobalSection
	GlobalSection(ProjectConfigurationPlatforms) = postSolution
		{86B79AAD-2A4F-4FD4-9753-38DADDD2F0E5}.Debug|Any CPU.ActiveCfg = Debug|Any CPU
		{86B79AAD-2A4F-4FD4-9753-38DADDD2F0E5}.Debug|Any CPU.Build.0 = Debug|Any CPU
		{86B79AAD-2A4F-4FD4-9753-38DADDD2F0E5}.Release|Any CPU.ActiveCfg = Release|Any CPU
		{86B79AAD-2A4F-4FD4-9753-38DADDD2F0E5}.Release|Any CPU.Build.0 = Release|Any CPU
		{78BEB204-8F98-488F-AFD0-86360F4773D3}.Debug|Any CPU.ActiveCfg = Debug|Any CPU
		{78BEB204-8F98-488F-AFD0-86360F4773D3}.Debug|Any CPU.Build.0 = Debug|Any CPU
		{78BEB204-8F98-488F-AFD0-86360F4773D3}.Release|Any CPU.ActiveCfg = Release|Any CPU
		{78BEB204-8F98-488F-AFD0-86360F4773D3}.Release|Any CPU.Build.0 = Release|Any CPU
		{BE6D85C8-E28B-40E4-A0B6-9BC3BE5F3270}.Debug|Any CPU.ActiveCfg = Debug|Any CPU
		{BE6D85C8-E28B-40E4-A0B6-9BC3BE5F3270}.Debug|Any CPU.Build.0 = Debug|Any CPU
		{BE6D85C8-E28B-40E4-A0B6-9BC3BE5F3270}.Release|Any CPU.ActiveCfg = Release|Any CPU
		{BE6D85C8-E28B-40E4-A0B6-9BC3BE5F3270}.Release|Any CPU.Build.0 = Release|Any CPU
		{97D6CF62-5DDC-4A12-8C01-9CB585E91F1C}.Debug|Any CPU.ActiveCfg = Debug|Any CPU
		{97D6CF62-5DDC-4A12-8C01-9CB585E91F1C}.Debug|Any CPU.Build.0 = Debug|Any CPU
		{97D6CF62-5DDC-4A12-8C01-9CB585E91F1C}.Release|Any CPU.ActiveCfg = Release|Any CPU
		{97D6CF62-5DDC-4A12-8C01-9CB585E91F1C}.Release|Any CPU.Build.0 = Release|Any CPU
	EndGlobalSection
	GlobalSection(SolutionProperties) = preSolution
		HideSolutionNode = FALSE
	EndGlobalSection
	GlobalSection(ExtensibilityGlobals) = postSolution
		SolutionGuid = {AC2452B7-A6EA-489F-801E-4907E92F3FFD}
	EndGlobalSection
EndGlobal
