
Microsoft Visual Studio Solution File, Format Version 12.00
# Visual Studio Version 16
VisualStudioVersion = 16.0.30611.23
MinimumVisualStudioVersion = 10.0.40219.1
Project("{FAE04EC0-301F-11D3-BF4B-00C04F79EFBC}") = "Asteroids", "Asteroids\Asteroids.csproj", "{98704278-1E04-4346-BE46-10D0CD832D8D}"
EndProject
Project("{FAE04EC0-301F-11D3-BF4B-00C04F79EFBC}") = "HomeWork02", "HomeWork02\HomeWork02.csproj", "{D9E56F22-477A-4066-94EC-9EB3436607B4}"
EndProject
Global
	GlobalSection(SolutionConfigurationPlatforms) = preSolution
		Debug|Any CPU = Debug|Any CPU
		Release|Any CPU = Release|Any CPU
	EndGlobalSection
	GlobalSection(ProjectConfigurationPlatforms) = postSolution
		{98704278-1E04-4346-BE46-10D0CD832D8D}.Debug|Any CPU.ActiveCfg = Debug|Any CPU
		{98704278-1E04-4346-BE46-10D0CD832D8D}.Debug|Any CPU.Build.0 = Debug|Any CPU
		{98704278-1E04-4346-BE46-10D0CD832D8D}.Release|Any CPU.ActiveCfg = Release|Any CPU
		{98704278-1E04-4346-BE46-10D0CD832D8D}.Release|Any CPU.Build.0 = Release|Any CPU
		{D9E56F22-477A-4066-94EC-9EB3436607B4}.Debug|Any CPU.ActiveCfg = Debug|Any CPU
		{D9E56F22-477A-4066-94EC-9EB3436607B4}.Debug|Any CPU.Build.0 = Debug|Any CPU
		{D9E56F22-477A-4066-94EC-9EB3436607B4}.Release|Any CPU.ActiveCfg = Release|Any CPU
		{D9E56F22-477A-4066-94EC-9EB3436607B4}.Release|Any CPU.Build.0 = Release|Any CPU
	EndGlobalSection
	GlobalSection(SolutionProperties) = preSolution
		HideSolutionNode = FALSE
	EndGlobalSection
	GlobalSection(ExtensibilityGlobals) = postSolution
		SolutionGuid = {6B04C280-30DA-43F2-88C3-FA1719A3F773}
	EndGlobalSection
EndGlobal
